// !$*UTF8*$!
{
	archiveVersion = 1;
	classes = {
	};
	objectVersion = 50;
	objects = {

/* Begin PBXBuildFile section */
		2110B0BF24FF87AF00915AF6 /* CALayer+borderColor.m in Sources */ = {isa = PBXBuildFile; fileRef = 2110B0BE24FF87AF00915AF6 /* CALayer+borderColor.m */; };
		211FB82424EBF3D30003DBC7 /* AppDelegate.swift in Sources */ = {isa = PBXBuildFile; fileRef = 211FB82324EBF3D30003DBC7 /* AppDelegate.swift */; };
		211FB82624EBF3D30003DBC7 /* SceneDelegate.swift in Sources */ = {isa = PBXBuildFile; fileRef = 211FB82524EBF3D30003DBC7 /* SceneDelegate.swift */; };
		211FB82824EBF3D30003DBC7 /* ViewController.swift in Sources */ = {isa = PBXBuildFile; fileRef = 211FB82724EBF3D30003DBC7 /* ViewController.swift */; };
		211FB82B24EBF3D30003DBC7 /* Main.storyboard in Resources */ = {isa = PBXBuildFile; fileRef = 211FB82924EBF3D30003DBC7 /* Main.storyboard */; };
		211FB82D24EBF3D60003DBC7 /* Assets.xcassets in Resources */ = {isa = PBXBuildFile; fileRef = 211FB82C24EBF3D60003DBC7 /* Assets.xcassets */; };
		211FB83024EBF3D60003DBC7 /* LaunchScreen.storyboard in Resources */ = {isa = PBXBuildFile; fileRef = 211FB82E24EBF3D60003DBC7 /* LaunchScreen.storyboard */; };
		211FB83B24EBF3D60003DBC7 /* _818_ChangeColorTests.swift in Sources */ = {isa = PBXBuildFile; fileRef = 211FB83A24EBF3D60003DBC7 /* _818_ChangeColorTests.swift */; };
		211FB84624EBF3D70003DBC7 /* _818_ChangeColorUITests.swift in Sources */ = {isa = PBXBuildFile; fileRef = 211FB84524EBF3D70003DBC7 /* _818_ChangeColorUITests.swift */; };
/* End PBXBuildFile section */

/* Begin PBXContainerItemProxy section */
		211FB83724EBF3D60003DBC7 /* PBXContainerItemProxy */ = {
			isa = PBXContainerItemProxy;
			containerPortal = 211FB81824EBF3D30003DBC7 /* Project object */;
			proxyType = 1;
			remoteGlobalIDString = 211FB81F24EBF3D30003DBC7;
			remoteInfo = 0818_ChangeColor;
		};
		211FB84224EBF3D70003DBC7 /* PBXContainerItemProxy */ = {
			isa = PBXContainerItemProxy;
			containerPortal = 211FB81824EBF3D30003DBC7 /* Project object */;
			proxyType = 1;
			remoteGlobalIDString = 211FB81F24EBF3D30003DBC7;
			remoteInfo = 0818_ChangeColor;
		};
/* End PBXContainerItemProxy section */

/* Begin PBXFileReference section */
		2110B0BC24FF87AE00915AF6 /* 0818_ChangeColor-Bridging-Header.h */ = {isa = PBXFileReference; lastKnownFileType = sourcecode.c.h; path = "0818_ChangeColor-Bridging-Header.h"; sourceTree = "<group>"; };
		2110B0BD24FF87AF00915AF6 /* CALayer+borderColor.h */ = {isa = PBXFileReference; lastKnownFileType = sourcecode.c.h; path = "CALayer+borderColor.h"; sourceTree = "<group>"; };
		2110B0BE24FF87AF00915AF6 /* CALayer+borderColor.m */ = {isa = PBXFileReference; lastKnownFileType = sourcecode.c.objc; path = "CALayer+borderColor.m"; sourceTree = "<group>"; };
		211FB82024EBF3D30003DBC7 /* 0818_ChangeColor.app */ = {isa = PBXFileReference; explicitFileType = wrapper.application; includeInIndex = 0; path = 0818_ChangeColor.app; sourceTree = BUILT_PRODUCTS_DIR; };
		211FB82324EBF3D30003DBC7 /* AppDelegate.swift */ = {isa = PBXFileReference; lastKnownFileType = sourcecode.swift; path = AppDelegate.swift; sourceTree = "<group>"; };
		211FB82524EBF3D30003DBC7 /* SceneDelegate.swift */ = {isa = PBXFileReference; lastKnownFileType = sourcecode.swift; path = SceneDelegate.swift; sourceTree = "<group>"; };
		211FB82724EBF3D30003DBC7 /* ViewController.swift */ = {isa = PBXFileReference; lastKnownFileType = sourcecode.swift; path = ViewController.swift; sourceTree = "<group>"; };
		211FB82A24EBF3D30003DBC7 /* Base */ = {isa = PBXFileReference; lastKnownFileType = file.storyboard; name = Base; path = Base.lproj/Main.storyboard; sourceTree = "<group>"; };
		211FB82C24EBF3D60003DBC7 /* Assets.xcassets */ = {isa = PBXFileReference; lastKnownFileType = folder.assetcatalog; path = Assets.xcassets; sourceTree = "<group>"; };
		211FB82F24EBF3D60003DBC7 /* Base */ = {isa = PBXFileReference; lastKnownFileType = file.storyboard; name = Base; path = Base.lproj/LaunchScreen.storyboard; sourceTree = "<group>"; };
		211FB83124EBF3D60003DBC7 /* Info.plist */ = {isa = PBXFileReference; lastKnownFileType = text.plist.xml; path = Info.plist; sourceTree = "<group>"; };
		211FB83624EBF3D60003DBC7 /* 0818_ChangeColorTests.xctest */ = {isa = PBXFileReference; explicitFileType = wrapper.cfbundle; includeInIndex = 0; path = 0818_ChangeColorTests.xctest; sourceTree = BUILT_PRODUCTS_DIR; };
		211FB83A24EBF3D60003DBC7 /* _818_ChangeColorTests.swift */ = {isa = PBXFileReference; lastKnownFileType = sourcecode.swift; path = _818_ChangeColorTests.swift; sourceTree = "<group>"; };
		211FB83C24EBF3D60003DBC7 /* Info.plist */ = {isa = PBXFileReference; lastKnownFileType = text.plist.xml; path = Info.plist; sourceTree = "<group>"; };
		211FB84124EBF3D70003DBC7 /* 0818_ChangeColorUITests.xctest */ = {isa = PBXFileReference; explicitFileType = wrapper.cfbundle; includeInIndex = 0; path = 0818_ChangeColorUITests.xctest; sourceTree = BUILT_PRODUCTS_DIR; };
		211FB84524EBF3D70003DBC7 /* _818_ChangeColorUITests.swift */ = {isa = PBXFileReference; lastKnownFileType = sourcecode.swift; path = _818_ChangeColorUITests.swift; sourceTree = "<group>"; };
		211FB84724EBF3D70003DBC7 /* Info.plist */ = {isa = PBXFileReference; lastKnownFileType = text.plist.xml; path = Info.plist; sourceTree = "<group>"; };
/* End PBXFileReference section */

/* Begin PBXFrameworksBuildPhase section */
		211FB81D24EBF3D30003DBC7 /* Frameworks */ = {
			isa = PBXFrameworksBuildPhase;
			buildActionMask = 2147483647;
			files = (
			);
			runOnlyForDeploymentPostprocessing = 0;
		};
		211FB83324EBF3D60003DBC7 /* Frameworks */ = {
			isa = PBXFrameworksBuildPhase;
			buildActionMask = 2147483647;
			files = (
			);
			runOnlyForDeploymentPostprocessing = 0;
		};
		211FB83E24EBF3D70003DBC7 /* Frameworks */ = {
			isa = PBXFrameworksBuildPhase;
			buildActionMask = 2147483647;
			files = (
			);
			runOnlyForDeploymentPostprocessing = 0;
		};
/* End PBXFrameworksBuildPhase section */

/* Begin PBXGroup section */
		211FB81724EBF3D30003DBC7 = {
			isa = PBXGroup;
			children = (
				211FB82224EBF3D30003DBC7 /* 0818_ChangeColor */,
				211FB83924EBF3D60003DBC7 /* 0818_ChangeColorTests */,
				211FB84424EBF3D70003DBC7 /* 0818_ChangeColorUITests */,
				211FB82124EBF3D30003DBC7 /* Products */,
			);
			sourceTree = "<group>";
		};
		211FB82124EBF3D30003DBC7 /* Products */ = {
			isa = PBXGroup;
			children = (
				211FB82024EBF3D30003DBC7 /* 0818_ChangeColor.app */,
				211FB83624EBF3D60003DBC7 /* 0818_ChangeColorTests.xctest */,
				211FB84124EBF3D70003DBC7 /* 0818_ChangeColorUITests.xctest */,
			);
			name = Products;
			sourceTree = "<group>";
		};
		211FB82224EBF3D30003DBC7 /* 0818_ChangeColor */ = {
			isa = PBXGroup;
			children = (
				211FB82324EBF3D30003DBC7 /* AppDelegate.swift */,
				211FB82524EBF3D30003DBC7 /* SceneDelegate.swift */,
				211FB82724EBF3D30003DBC7 /* ViewController.swift */,
				211FB82924EBF3D30003DBC7 /* Main.storyboard */,
				2110B0BD24FF87AF00915AF6 /* CALayer+borderColor.h */,
				2110B0BE24FF87AF00915AF6 /* CALayer+borderColor.m */,
				211FB82C24EBF3D60003DBC7 /* Assets.xcassets */,
				211FB82E24EBF3D60003DBC7 /* LaunchScreen.storyboard */,
				211FB83124EBF3D60003DBC7 /* Info.plist */,
				2110B0BC24FF87AE00915AF6 /* 0818_ChangeColor-Bridging-Header.h */,
			);
			path = 0818_ChangeColor;
			sourceTree = "<group>";
		};
		211FB83924EBF3D60003DBC7 /* 0818_ChangeColorTests */ = {
			isa = PBXGroup;
			children = (
				211FB83A24EBF3D60003DBC7 /* _818_ChangeColorTests.swift */,
				211FB83C24EBF3D60003DBC7 /* Info.plist */,
			);
			path = 0818_ChangeColorTests;
			sourceTree = "<group>";
		};
		211FB84424EBF3D70003DBC7 /* 0818_ChangeColorUITests */ = {
			isa = PBXGroup;
			children = (
				211FB84524EBF3D70003DBC7 /* _818_ChangeColorUITests.swift */,
				211FB84724EBF3D70003DBC7 /* Info.plist */,
			);
			path = 0818_ChangeColorUITests;
			sourceTree = "<group>";
		};
/* End PBXGroup section */

/* Begin PBXNativeTarget section */
		211FB81F24EBF3D30003DBC7 /* 0818_ChangeColor */ = {
			isa = PBXNativeTarget;
			buildConfigurationList = 211FB84A24EBF3D70003DBC7 /* Build configuration list for PBXNativeTarget "0818_ChangeColor" */;
			buildPhases = (
				211FB81C24EBF3D30003DBC7 /* Sources */,
				211FB81D24EBF3D30003DBC7 /* Frameworks */,
				211FB81E24EBF3D30003DBC7 /* Resources */,
			);
			buildRules = (
			);
			dependencies = (
			);
			name = 0818_ChangeColor;
			productName = 0818_ChangeColor;
			productReference = 211FB82024EBF3D30003DBC7 /* 0818_ChangeColor.app */;
			productType = "com.apple.product-type.application";
		};
		211FB83524EBF3D60003DBC7 /* 0818_ChangeColorTests */ = {
			isa = PBXNativeTarget;
			buildConfigurationList = 211FB84D24EBF3D70003DBC7 /* Build configuration list for PBXNativeTarget "0818_ChangeColorTests" */;
			buildPhases = (
				211FB83224EBF3D60003DBC7 /* Sources */,
				211FB83324EBF3D60003DBC7 /* Frameworks */,
				211FB83424EBF3D60003DBC7 /* Resources */,
			);
			buildRules = (
			);
			dependencies = (
				211FB83824EBF3D60003DBC7 /* PBXTargetDependency */,
			);
			name = 0818_ChangeColorTests;
			productName = 0818_ChangeColorTests;
			productReference = 211FB83624EBF3D60003DBC7 /* 0818_ChangeColorTests.xctest */;
			productType = "com.apple.product-type.bundle.unit-test";
		};
		211FB84024EBF3D70003DBC7 /* 0818_ChangeColorUITests */ = {
			isa = PBXNativeTarget;
			buildConfigurationList = 211FB85024EBF3D70003DBC7 /* Build configuration list for PBXNativeTarget "0818_ChangeColorUITests" */;
			buildPhases = (
				211FB83D24EBF3D70003DBC7 /* Sources */,
				211FB83E24EBF3D70003DBC7 /* Frameworks */,
				211FB83F24EBF3D70003DBC7 /* Resources */,
			);
			buildRules = (
			);
			dependencies = (
				211FB84324EBF3D70003DBC7 /* PBXTargetDependency */,
			);
			name = 0818_ChangeColorUITests;
			productName = 0818_ChangeColorUITests;
			productReference = 211FB84124EBF3D70003DBC7 /* 0818_ChangeColorUITests.xctest */;
			productType = "com.apple.product-type.bundle.ui-testing";
		};
/* End PBXNativeTarget section */

/* Begin PBXProject section */
		211FB81824EBF3D30003DBC7 /* Project object */ = {
			isa = PBXProject;
			attributes = {
				LastSwiftUpdateCheck = 1200;
				LastUpgradeCheck = 1200;
				TargetAttributes = {
					211FB81F24EBF3D30003DBC7 = {
						CreatedOnToolsVersion = 12.0;
						LastSwiftMigration = 1200;
					};
					211FB83524EBF3D60003DBC7 = {
						CreatedOnToolsVersion = 12.0;
						TestTargetID = 211FB81F24EBF3D30003DBC7;
					};
					211FB84024EBF3D70003DBC7 = {
						CreatedOnToolsVersion = 12.0;
						TestTargetID = 211FB81F24EBF3D30003DBC7;
					};
				};
			};
			buildConfigurationList = 211FB81B24EBF3D30003DBC7 /* Build configuration list for PBXProject "0818_ChangeColor" */;
			compatibilityVersion = "Xcode 9.3";
			developmentRegion = en;
			hasScannedForEncodings = 0;
			knownRegions = (
				en,
				Base,
			);
			mainGroup = 211FB81724EBF3D30003DBC7;
			productRefGroup = 211FB82124EBF3D30003DBC7 /* Products */;
			projectDirPath = "";
			projectRoot = "";
			targets = (
				211FB81F24EBF3D30003DBC7 /* 0818_ChangeColor */,
				211FB83524EBF3D60003DBC7 /* 0818_ChangeColorTests */,
				211FB84024EBF3D70003DBC7 /* 0818_ChangeColorUITests */,
			);
		};
/* End PBXProject section */

/* Begin PBXResourcesBuildPhase section */
		211FB81E24EBF3D30003DBC7 /* Resources */ = {
			isa = PBXResourcesBuildPhase;
			buildActionMask = 2147483647;
			files = (
				211FB83024EBF3D60003DBC7 /* LaunchScreen.storyboard in Resources */,
				211FB82D24EBF3D60003DBC7 /* Assets.xcassets in Resources */,
				211FB82B24EBF3D30003DBC7 /* Main.storyboard in Resources */,
			);
			runOnlyForDeploymentPostprocessing = 0;
		};
		211FB83424EBF3D60003DBC7 /* Resources */ = {
			isa = PBXResourcesBuildPhase;
			buildActionMask = 2147483647;
			files = (
			);
			runOnlyForDeploymentPostprocessing = 0;
		};
		211FB83F24EBF3D70003DBC7 /* Resources */ = {
			isa = PBXResourcesBuildPhase;
			buildActionMask = 2147483647;
			files = (
			);
			runOnlyForDeploymentPostprocessing = 0;
		};
/* End PBXResourcesBuildPhase section */

/* Begin PBXSourcesBuildPhase section */
		211FB81C24EBF3D30003DBC7 /* Sources */ = {
			isa = PBXSourcesBuildPhase;
			buildActionMask = 2147483647;
			files = (
				211FB82824EBF3D30003DBC7 /* ViewController.swift in Sources */,
				2110B0BF24FF87AF00915AF6 /* CALayer+borderColor.m in Sources */,
				211FB82424EBF3D30003DBC7 /* AppDelegate.swift in Sources */,
				211FB82624EBF3D30003DBC7 /* SceneDelegate.swift in Sources */,
			);
			runOnlyForDeploymentPostprocessing = 0;
		};
		211FB83224EBF3D60003DBC7 /* Sources */ = {
			isa = PBXSourcesBuildPhase;
			buildActionMask = 2147483647;
			files = (
				211FB83B24EBF3D60003DBC7 /* _818_ChangeColorTests.swift in Sources */,
			);
			runOnlyForDeploymentPostprocessing = 0;
		};
		211FB83D24EBF3D70003DBC7 /* Sources */ = {
			isa = PBXSourcesBuildPhase;
			buildActionMask = 2147483647;
			files = (
				211FB84624EBF3D70003DBC7 /* _818_ChangeColorUITests.swift in Sources */,
			);
			runOnlyForDeploymentPostprocessing = 0;
		};
/* End PBXSourcesBuildPhase section */

/* Begin PBXTargetDependency section */
		211FB83824EBF3D60003DBC7 /* PBXTargetDependency */ = {
			isa = PBXTargetDependency;
			target = 211FB81F24EBF3D30003DBC7 /* 0818_ChangeColor */;
			targetProxy = 211FB83724EBF3D60003DBC7 /* PBXContainerItemProxy */;
		};
		211FB84324EBF3D70003DBC7 /* PBXTargetDependency */ = {
			isa = PBXTargetDependency;
			target = 211FB81F24EBF3D30003DBC7 /* 0818_ChangeColor */;
			targetProxy = 211FB84224EBF3D70003DBC7 /* PBXContainerItemProxy */;
		};
/* End PBXTargetDependency section */

/* Begin PBXVariantGroup section */
		211FB82924EBF3D30003DBC7 /* Main.storyboard */ = {
			isa = PBXVariantGroup;
			children = (
				211FB82A24EBF3D30003DBC7 /* Base */,
			);
			name = Main.storyboard;
			sourceTree = "<group>";
		};
		211FB82E24EBF3D60003DBC7 /* LaunchScreen.storyboard */ = {
			isa = PBXVariantGroup;
			children = (
				211FB82F24EBF3D60003DBC7 /* Base */,
			);
			name = LaunchScreen.storyboard;
			sourceTree = "<group>";
		};
/* End PBXVariantGroup section */

/* Begin XCBuildConfiguration section */
		211FB84824EBF3D70003DBC7 /* Debug */ = {
			isa = XCBuildConfiguration;
			buildSettings = {
				ALWAYS_SEARCH_USER_PATHS = NO;
				CLANG_ANALYZER_NONNULL = YES;
				CLANG_ANALYZER_NUMBER_OBJECT_CONVERSION = YES_AGGRESSIVE;
				CLANG_CXX_LANGUAGE_STANDARD = "gnu++14";
				CLANG_CXX_LIBRARY = "libc++";
				CLANG_ENABLE_MODULES = YES;
				CLANG_ENABLE_OBJC_ARC = YES;
				CLANG_ENABLE_OBJC_WEAK = YES;
				CLANG_WARN_BLOCK_CAPTURE_AUTORELEASING = YES;
				CLANG_WARN_BOOL_CONVERSION = YES;
				CLANG_WARN_COMMA = YES;
				CLANG_WARN_CONSTANT_CONVERSION = YES;
				CLANG_WARN_DEPRECATED_OBJC_IMPLEMENTATIONS = YES;
				CLANG_WARN_DIRECT_OBJC_ISA_USAGE = YES_ERROR;
				CLANG_WARN_DOCUMENTATION_COMMENTS = YES;
				CLANG_WARN_EMPTY_BODY = YES;
				CLANG_WARN_ENUM_CONVERSION = YES;
				CLANG_WARN_INFINITE_RECURSION = YES;
				CLANG_WARN_INT_CONVERSION = YES;
				CLANG_WARN_NON_LITERAL_NULL_CONVERSION = YES;
				CLANG_WARN_OBJC_IMPLICIT_RETAIN_SELF = YES;
				CLANG_WARN_OBJC_LITERAL_CONVERSION = YES;
				CLANG_WARN_OBJC_ROOT_CLASS = YES_ERROR;
				CLANG_WARN_QUOTED_INCLUDE_IN_FRAMEWORK_HEADER = YES;
				CLANG_WARN_RANGE_LOOP_ANALYSIS = YES;
				CLANG_WARN_STRICT_PROTOTYPES = YES;
				CLANG_WARN_SUSPICIOUS_MOVE = YES;
				CLANG_WARN_UNGUARDED_AVAILABILITY = YES_AGGRESSIVE;
				CLANG_WARN_UNREACHABLE_CODE = YES;
				CLANG_WARN__DUPLICATE_METHOD_MATCH = YES;
				COPY_PHASE_STRIP = NO;
				DEBUG_INFORMATION_FORMAT = dwarf;
				ENABLE_STRICT_OBJC_MSGSEND = YES;
				ENABLE_TESTABILITY = YES;
				GCC_C_LANGUAGE_STANDARD = gnu11;
				GCC_DYNAMIC_NO_PIC = NO;
				GCC_NO_COMMON_BLOCKS = YES;
				GCC_OPTIMIZATION_LEVEL = 0;
				GCC_PREPROCESSOR_DEFINITIONS = (
					"DEBUG=1",
					"$(inherited)",
				);
				GCC_WARN_64_TO_32_BIT_CONVERSION = YES;
				GCC_WARN_ABOUT_RETURN_TYPE = YES_ERROR;
				GCC_WARN_UNDECLARED_SELECTOR = YES;
				GCC_WARN_UNINITIALIZED_AUTOS = YES_AGGRESSIVE;
				GCC_WARN_UNUSED_FUNCTION = YES;
				GCC_WARN_UNUSED_VARIABLE = YES;
				IPHONEOS_DEPLOYMENT_TARGET = 14.0;
				MTL_ENABLE_DEBUG_INFO = INCLUDE_SOURCE;
				MTL_FAST_MATH = YES;
				ONLY_ACTIVE_ARCH = YES;
				SDKROOT = iphoneos;
				SWIFT_ACTIVE_COMPILATION_CONDITIONS = DEBUG;
				SWIFT_OPTIMIZATION_LEVEL = "-Onone";
			};
			name = Debug;
		};
		211FB84924EBF3D70003DBC7 /* Release */ = {
			isa = XCBuildConfiguration;
			buildSettings = {
				ALWAYS_SEARCH_USER_PATHS = NO;
				CLANG_ANALYZER_NONNULL = YES;
				CLANG_ANALYZER_NUMBER_OBJECT_CONVERSION = YES_AGGRESSIVE;
				CLANG_CXX_LANGUAGE_STANDARD = "gnu++14";
				CLANG_CXX_LIBRARY = "libc++";
				CLANG_ENABLE_MODULES = YES;
				CLANG_ENABLE_OBJC_ARC = YES;
				CLANG_ENABLE_OBJC_WEAK = YES;
				CLANG_WARN_BLOCK_CAPTURE_AUTORELEASING = YES;
				CLANG_WARN_BOOL_CONVERSION = YES;
				CLANG_WARN_COMMA = YES;
				CLANG_WARN_CONSTANT_CONVERSION = YES;
				CLANG_WARN_DEPRECATED_OBJC_IMPLEMENTATIONS = YES;
				CLANG_WARN_DIRECT_OBJC_ISA_USAGE = YES_ERROR;
				CLANG_WARN_DOCUMENTATION_COMMENTS = YES;
				CLANG_WARN_EMPTY_BODY = YES;
				CLANG_WARN_ENUM_CONVERSION = YES;
				CLANG_WARN_INFINITE_RECURSION = YES;
				CLANG_WARN_INT_CONVERSION = YES;
				CLANG_WARN_NON_LITERAL_NULL_CONVERSION = YES;
				CLANG_WARN_OBJC_IMPLICIT_RETAIN_SELF = YES;
				CLANG_WARN_OBJC_LITERAL_CONVERSION = YES;
				CLANG_WARN_OBJC_ROOT_CLASS = YES_ERROR;
				CLANG_WARN_QUOTED_INCLUDE_IN_FRAMEWORK_HEADER = YES;
				CLANG_WARN_RANGE_LOOP_ANALYSIS = YES;
				CLANG_WARN_STRICT_PROTOTYPES = YES;
				CLANG_WARN_SUSPICIOUS_MOVE = YES;
				CLANG_WARN_UNGUARDED_AVAILABILITY = YES_AGGRESSIVE;
				CLANG_WARN_UNREACHABLE_CODE = YES;
				CLANG_WARN__DUPLICATE_METHOD_MATCH = YES;
				COPY_PHASE_STRIP = NO;
				DEBUG_INFORMATION_FORMAT = "dwarf-with-dsym";
				ENABLE_NS_ASSERTIONS = NO;
				ENABLE_STRICT_OBJC_MSGSEND = YES;
				GCC_C_LANGUAGE_STANDARD = gnu11;
				GCC_NO_COMMON_BLOCKS = YES;
				GCC_WARN_64_TO_32_BIT_CONVERSION = YES;
				GCC_WARN_ABOUT_RETURN_TYPE = YES_ERROR;
				GCC_WARN_UNDECLARED_SELECTOR = YES;
				GCC_WARN_UNINITIALIZED_AUTOS = YES_AGGRESSIVE;
				GCC_WARN_UNUSED_FUNCTION = YES;
				GCC_WARN_UNUSED_VARIABLE = YES;
				IPHONEOS_DEPLOYMENT_TARGET = 14.0;
				MTL_ENABLE_DEBUG_INFO = NO;
				MTL_FAST_MATH = YES;
				SDKROOT = iphoneos;
				SWIFT_COMPILATION_MODE = wholemodule;
				SWIFT_OPTIMIZATION_LEVEL = "-O";
				VALIDATE_PRODUCT = YES;
			};
			name = Release;
		};
		211FB84B24EBF3D70003DBC7 /* Debug */ = {
			isa = XCBuildConfiguration;
			buildSettings = {
				ASSETCATALOG_COMPILER_APPICON_NAME = AppIcon;
				ASSETCATALOG_COMPILER_GLOBAL_ACCENT_COLOR_NAME = AccentColor;
				CLANG_ENABLE_MODULES = YES;
				CODE_SIGN_STYLE = Automatic;
				INFOPLIST_FILE = 0818_ChangeColor/Info.plist;
				LD_RUNPATH_SEARCH_PATHS = (
					"$(inherited)",
					"@executable_path/Frameworks",
				);
				PRODUCT_BUNDLE_IDENTIFIER = "jaba.chia.-818-ChangeColor";
				PRODUCT_NAME = "$(TARGET_NAME)";
				SWIFT_OBJC_BRIDGING_HEADER = "0818_ChangeColor/0818_ChangeColor-Bridging-Header.h";
				SWIFT_OPTIMIZATION_LEVEL = "-Onone";
				SWIFT_VERSION = 5.0;
				TARGETED_DEVICE_FAMILY = "1,2";
			};
			name = Debug;
		};
		211FB84C24EBF3D70003DBC7 /* Release */ = {
			isa = XCBuildConfiguration;
			buildSettings = {
				ASSETCATALOG_COMPILER_APPICON_NAME = AppIcon;
				ASSETCATALOG_COMPILER_GLOBAL_ACCENT_COLOR_NAME = AccentColor;
				CLANG_ENABLE_MODULES = YES;
				CODE_SIGN_STYLE = Automatic;
				INFOPLIST_FILE = 0818_ChangeColor/Info.plist;
				LD_RUNPATH_SEARCH_PATHS = (
					"$(inherited)",
					"@executable_path/Frameworks",
				);
				PRODUCT_BUNDLE_IDENTIFIER = "jaba.chia.-818-ChangeColor";
				PRODUCT_NAME = "$(TARGET_NAME)";
				SWIFT_OBJC_BRIDGING_HEADER = "0818_ChangeColor/0818_ChangeColor-Bridging-Header.h";
				SWIFT_VERSION = 5.0;
				TARGETED_DEVICE_FAMILY = "1,2";
			};
			name = Release;
		};
		211FB84E24EBF3D70003DBC7 /* Debug */ = {
			isa = XCBuildConfiguration;
			buildSettings = {
				ALWAYS_EMBED_SWIFT_STANDARD_LIBRARIES = YES;
				BUNDLE_LOADER = "$(TEST_HOST)";
				CODE_SIGN_STYLE = Automatic;
				INFOPLIST_FILE = 0818_ChangeColorTests/Info.plist;
				IPHONEOS_DEPLOYMENT_TARGET = 14.0;
				LD_RUNPATH_SEARCH_PATHS = (
					"$(inherited)",
					"@executable_path/Frameworks",
					"@loader_path/Frameworks",
				);
				PRODUCT_BUNDLE_IDENTIFIER = "jaba.chia.-818-ChangeColorTests";
				PRODUCT_NAME = "$(TARGET_NAME)";
				SWIFT_VERSION = 5.0;
				TARGETED_DEVICE_FAMILY = "1,2";
				TEST_HOST = "$(BUILT_PRODUCTS_DIR)/0818_ChangeColor.app/0818_ChangeColor";
			};
			name = Debug;
		};
		211FB84F24EBF3D70003DBC7 /* Release */ = {
			isa = XCBuildConfiguration;
			buildSettings = {
				ALWAYS_EMBED_SWIFT_STANDARD_LIBRARIES = YES;
				BUNDLE_LOADER = "$(TEST_HOST)";
				CODE_SIGN_STYLE = Automatic;
				INFOPLIST_FILE = 0818_ChangeColorTests/Info.plist;
				IPHONEOS_DEPLOYMENT_TARGET = 14.0;
				LD_RUNPATH_SEARCH_PATHS = (
					"$(inherited)",
					"@executable_path/Frameworks",
					"@loader_path/Frameworks",
				);
				PRODUCT_BUNDLE_IDENTIFIER = "jaba.chia.-818-ChangeColorTests";
				PRODUCT_NAME = "$(TARGET_NAME)";
				SWIFT_VERSION = 5.0;
				TARGETED_DEVICE_FAMILY = "1,2";
				TEST_HOST = "$(BUILT_PRODUCTS_DIR)/0818_ChangeColor.app/0818_ChangeColor";
			};
			name = Release;
		};
		211FB85124EBF3D70003DBC7 /* Debug */ = {
			isa = XCBuildConfiguration;
			buildSettings = {
				ALWAYS_EMBED_SWIFT_STANDARD_LIBRARIES = YES;
				CODE_SIGN_STYLE = Automatic;
				INFOPLIST_FILE = 0818_ChangeColorUITests/Info.plist;
				LD_RUNPATH_SEARCH_PATHS = (
					"$(inherited)",
					"@executable_path/Frameworks",
					"@loader_path/Frameworks",
				);
				PRODUCT_BUNDLE_IDENTIFIER = "jaba.chia.-818-ChangeColorUITests";
				PRODUCT_NAME = "$(TARGET_NAME)";
				SWIFT_VERSION = 5.0;
				TARGETED_DEVICE_FAMILY = "1,2";
				TEST_TARGET_NAME = 0818_ChangeColor;
			};
			name = Debug;
		};
		211FB85224EBF3D70003DBC7 /* Release */ = {
			isa = XCBuildConfiguration;
			buildSettings = {
				ALWAYS_EMBED_SWIFT_STANDARD_LIBRARIES = YES;
				CODE_SIGN_STYLE = Automatic;
				INFOPLIST_FILE = 0818_ChangeColorUITests/Info.plist;
				LD_RUNPATH_SEARCH_PATHS = (
					"$(inherited)",
					"@executable_path/Frameworks",
					"@loader_path/Frameworks",
				);
				PRODUCT_BUNDLE_IDENTIFIER = "jaba.chia.-818-ChangeColorUITests";
				PRODUCT_NAME = "$(TARGET_NAME)";
				SWIFT_VERSION = 5.0;
				TARGETED_DEVICE_FAMILY = "1,2";
				TEST_TARGET_NAME = 0818_ChangeColor;
			};
			name = Release;
		};
/* End XCBuildConfiguration section */

/* Begin XCConfigurationList section */
		211FB81B24EBF3D30003DBC7 /* Build configuration list for PBXProject "0818_ChangeColor" */ = {
			isa = XCConfigurationList;
			buildConfigurations = (
				211FB84824EBF3D70003DBC7 /* Debug */,
				211FB84924EBF3D70003DBC7 /* Release */,
			);
			defaultConfigurationIsVisible = 0;
			defaultConfigurationName = Release;
		};
		211FB84A24EBF3D70003DBC7 /* Build configuration list for PBXNativeTarget "0818_ChangeColor" */ = {
			isa = XCConfigurationList;
			buildConfigurations = (
				211FB84B24EBF3D70003DBC7 /* Debug */,
				211FB84C24EBF3D70003DBC7 /* Release */,
			);
			defaultConfigurationIsVisible = 0;
			defaultConfigurationName = Release;
		};
		211FB84D24EBF3D70003DBC7 /* Build configuration list for PBXNativeTarget "0818_ChangeColorTests" */ = {
			isa = XCConfigurationList;
			buildConfigurations = (
				211FB84E24EBF3D70003DBC7 /* Debug */,
				211FB84F24EBF3D70003DBC7 /* Release */,
			);
			defaultConfigurationIsVisible = 0;
			defaultConfigurationName = Release;
		};
		211FB85024EBF3D70003DBC7 /* Build configuration list for PBXNativeTarget "0818_ChangeColorUITests" */ = {
			isa = XCConfigurationList;
			buildConfigurations = (
				211FB85124EBF3D70003DBC7 /* Debug */,
				211FB85224EBF3D70003DBC7 /* Release */,
			);
			defaultConfigurationIsVisible = 0;
			defaultConfigurationName = Release;
		};
/* End XCConfigurationList section */
	};
	rootObject = 211FB81824EBF3D30003DBC7 /* Project object */;
}
